
Microsoft Visual Studio Solution File, Format Version 12.00
# Visual Studio Version 17
VisualStudioVersion = 17.0.31903.59
MinimumVisualStudioVersion = 10.0.40219.1
Project("{2150E333-8FDC-42A3-9474-1A3956D46DE8}") = "src", "src", "{49B7F7F2-284A-4897-82BF-7BB0749C7262}"
EndProject
Project("{FAE04EC0-301F-11D3-BF4B-00C04F79EFBC}") = "App.Login", "src\App.Login\App.Login.csproj", "{B9634306-5A43-46DA-A4B6-1BEE77336E2B}"
EndProject
Project("{2150E333-8FDC-42A3-9474-1A3956D46DE8}") = "test", "test", "{B7F2ACA5-AC3A-44C8-B98A-585021BCD1BE}"
EndProject
Project("{FAE04EC0-301F-11D3-BF4B-00C04F79EFBC}") = "App.Login.Tests", "test\App.Login.Tests\App.Login.Tests.csproj", "{0213BD3D-A135-4EA7-81C3-EBD97B2F2753}"
EndProject
Project("{FAE04EC0-301F-11D3-BF4B-00C04F79EFBC}") = "AppStack", "src\App.Stack\AppStack.csproj", "{57423C8D-8D4B-4037-BF8E-5BC76FC85CD5}"
EndProject
Project("{2150E333-8FDC-42A3-9474-1A3956D46DE8}") = "Helpers", "Helpers", "{1C023D2F-C12F-4A2A-B663-A1590121F6D1}"
EndProject
Project("{FAE04EC0-301F-11D3-BF4B-00C04F79EFBC}") = "App.Login.EnsureInitialized", "src\Helpers\App.Login.EnsureInitialized\App.Login.EnsureInitialized.csproj", "{3D1D4EFD-2610-43BE-8D47-5A9152A98A05}"
EndProject
Project("{FAE04EC0-301F-11D3-BF4B-00C04F79EFBC}") = "App.Login.GenerateCertificates", "src\Helpers\App.Login.GenerateCertificates\App.Login.GenerateCertificates.csproj", "{C4679672-FFBE-40BC-AA6E-108557F6E5C8}"
EndProject
Global
	GlobalSection(SolutionConfigurationPlatforms) = preSolution
		Debug|Any CPU = Debug|Any CPU
		Release|Any CPU = Release|Any CPU
	EndGlobalSection
	GlobalSection(SolutionProperties) = preSolution
		HideSolutionNode = FALSE
	EndGlobalSection
	GlobalSection(ProjectConfigurationPlatforms) = postSolution
		{B9634306-5A43-46DA-A4B6-1BEE77336E2B}.Debug|Any CPU.ActiveCfg = Debug|Any CPU
		{B9634306-5A43-46DA-A4B6-1BEE77336E2B}.Debug|Any CPU.Build.0 = Debug|Any CPU
		{B9634306-5A43-46DA-A4B6-1BEE77336E2B}.Release|Any CPU.ActiveCfg = Release|Any CPU
		{B9634306-5A43-46DA-A4B6-1BEE77336E2B}.Release|Any CPU.Build.0 = Release|Any CPU
		{0213BD3D-A135-4EA7-81C3-EBD97B2F2753}.Debug|Any CPU.ActiveCfg = Debug|Any CPU
		{0213BD3D-A135-4EA7-81C3-EBD97B2F2753}.Debug|Any CPU.Build.0 = Debug|Any CPU
		{0213BD3D-A135-4EA7-81C3-EBD97B2F2753}.Release|Any CPU.ActiveCfg = Release|Any CPU
		{0213BD3D-A135-4EA7-81C3-EBD97B2F2753}.Release|Any CPU.Build.0 = Release|Any CPU
		{57423C8D-8D4B-4037-BF8E-5BC76FC85CD5}.Debug|Any CPU.ActiveCfg = Debug|Any CPU
		{57423C8D-8D4B-4037-BF8E-5BC76FC85CD5}.Debug|Any CPU.Build.0 = Debug|Any CPU
		{57423C8D-8D4B-4037-BF8E-5BC76FC85CD5}.Release|Any CPU.ActiveCfg = Release|Any CPU
		{57423C8D-8D4B-4037-BF8E-5BC76FC85CD5}.Release|Any CPU.Build.0 = Release|Any CPU
		{3D1D4EFD-2610-43BE-8D47-5A9152A98A05}.Debug|Any CPU.ActiveCfg = Debug|Any CPU
		{3D1D4EFD-2610-43BE-8D47-5A9152A98A05}.Debug|Any CPU.Build.0 = Debug|Any CPU
		{3D1D4EFD-2610-43BE-8D47-5A9152A98A05}.Release|Any CPU.ActiveCfg = Release|Any CPU
		{3D1D4EFD-2610-43BE-8D47-5A9152A98A05}.Release|Any CPU.Build.0 = Release|Any CPU
		{C4679672-FFBE-40BC-AA6E-108557F6E5C8}.Debug|Any CPU.ActiveCfg = Debug|Any CPU
		{C4679672-FFBE-40BC-AA6E-108557F6E5C8}.Debug|Any CPU.Build.0 = Debug|Any CPU
		{C4679672-FFBE-40BC-AA6E-108557F6E5C8}.Release|Any CPU.ActiveCfg = Release|Any CPU
		{C4679672-FFBE-40BC-AA6E-108557F6E5C8}.Release|Any CPU.Build.0 = Release|Any CPU
	EndGlobalSection
	GlobalSection(NestedProjects) = preSolution
		{B9634306-5A43-46DA-A4B6-1BEE77336E2B} = {49B7F7F2-284A-4897-82BF-7BB0749C7262}
		{0213BD3D-A135-4EA7-81C3-EBD97B2F2753} = {B7F2ACA5-AC3A-44C8-B98A-585021BCD1BE}
		{57423C8D-8D4B-4037-BF8E-5BC76FC85CD5} = {49B7F7F2-284A-4897-82BF-7BB0749C7262}
		{1C023D2F-C12F-4A2A-B663-A1590121F6D1} = {49B7F7F2-284A-4897-82BF-7BB0749C7262}
		{3D1D4EFD-2610-43BE-8D47-5A9152A98A05} = {1C023D2F-C12F-4A2A-B663-A1590121F6D1}
		{C4679672-FFBE-40BC-AA6E-108557F6E5C8} = {1C023D2F-C12F-4A2A-B663-A1590121F6D1}
	EndGlobalSection
EndGlobal
