
Microsoft Visual Studio Solution File, Format Version 12.00
# Visual Studio Version 17
VisualStudioVersion = 17.0.31903.59
MinimumVisualStudioVersion = 10.0.40219.1
Project("{2150E333-8FDC-42A3-9474-1A3956D46DE8}") = "src", "src", "{49B7F7F2-284A-4897-82BF-7BB0749C7262}"
EndProject
Project("{FAE04EC0-301F-11D3-BF4B-00C04F79EFBC}") = "App.Login", "src\App.Login\App.Login.csproj", "{B9634306-5A43-46DA-A4B6-1BEE77336E2B}"
EndProject
Project("{2150E333-8FDC-42A3-9474-1A3956D46DE8}") = "test", "test", "{B7F2ACA5-AC3A-44C8-B98A-585021BCD1BE}"
EndProject
Project("{FAE04EC0-301F-11D3-BF4B-00C04F79EFBC}") = "App.Login.Tests", "test\App.Login.Tests\App.Login.Tests.csproj", "{0213BD3D-A135-4EA7-81C3-EBD97B2F2753}"
EndProject
Global
	GlobalSection(SolutionConfigurationPlatforms) = preSolution
		Debug|Any CPU = Debug|Any CPU
		Release|Any CPU = Release|Any CPU
	EndGlobalSection
	GlobalSection(SolutionProperties) = preSolution
		HideSolutionNode = FALSE
	EndGlobalSection
	GlobalSection(ProjectConfigurationPlatforms) = postSolution
		{B9634306-5A43-46DA-A4B6-1BEE77336E2B}.Debug|Any CPU.ActiveCfg = Debug|Any CPU
		{B9634306-5A43-46DA-A4B6-1BEE77336E2B}.Debug|Any CPU.Build.0 = Debug|Any CPU
		{B9634306-5A43-46DA-A4B6-1BEE77336E2B}.Release|Any CPU.ActiveCfg = Release|Any CPU
		{B9634306-5A43-46DA-A4B6-1BEE77336E2B}.Release|Any CPU.Build.0 = Release|Any CPU
		{0213BD3D-A135-4EA7-81C3-EBD97B2F2753}.Debug|Any CPU.ActiveCfg = Debug|Any CPU
		{0213BD3D-A135-4EA7-81C3-EBD97B2F2753}.Debug|Any CPU.Build.0 = Debug|Any CPU
		{0213BD3D-A135-4EA7-81C3-EBD97B2F2753}.Release|Any CPU.ActiveCfg = Release|Any CPU
		{0213BD3D-A135-4EA7-81C3-EBD97B2F2753}.Release|Any CPU.Build.0 = Release|Any CPU
	EndGlobalSection
	GlobalSection(NestedProjects) = preSolution
		{B9634306-5A43-46DA-A4B6-1BEE77336E2B} = {49B7F7F2-284A-4897-82BF-7BB0749C7262}
		{0213BD3D-A135-4EA7-81C3-EBD97B2F2753} = {B7F2ACA5-AC3A-44C8-B98A-585021BCD1BE}
	EndGlobalSection
EndGlobal
